
Microsoft Visual Studio Solution File, Format Version 12.00
# Visual Studio Version 16
VisualStudioVersion = 16.0.31019.35
MinimumVisualStudioVersion = 10.0.40219.1
Project("{9A19103F-16F7-4668-BE54-9A1E7A4F7556}") = "DaprCounter", "DaprCounter.csproj", "{2FFA204D-1261-4B17-9CDE-4587215340D6}"
EndProject
Project("{E53339B2-1760-4266-BCC7-CA923CBCF16C}") = "docker-compose", "docker-compose.dcproj", "{59FBDD4C-806C-4818-B09B-EF52C40402CF}"
EndProject
Global
	GlobalSection(SolutionConfigurationPlatforms) = preSolution
		Debug|Any CPU = Debug|Any CPU
		Release|Any CPU = Release|Any CPU
	EndGlobalSection
	GlobalSection(ProjectConfigurationPlatforms) = postSolution
		{2FFA204D-1261-4B17-9CDE-4587215340D6}.Debug|Any CPU.ActiveCfg = Debug|Any CPU
		{2FFA204D-1261-4B17-9CDE-4587215340D6}.Debug|Any CPU.Build.0 = Debug|Any CPU
		{2FFA204D-1261-4B17-9CDE-4587215340D6}.Release|Any CPU.ActiveCfg = Release|Any CPU
		{2FFA204D-1261-4B17-9CDE-4587215340D6}.Release|Any CPU.Build.0 = Release|Any CPU
		{59FBDD4C-806C-4818-B09B-EF52C40402CF}.Debug|Any CPU.ActiveCfg = Debug|Any CPU
		{59FBDD4C-806C-4818-B09B-EF52C40402CF}.Debug|Any CPU.Build.0 = Debug|Any CPU
		{59FBDD4C-806C-4818-B09B-EF52C40402CF}.Release|Any CPU.ActiveCfg = Release|Any CPU
		{59FBDD4C-806C-4818-B09B-EF52C40402CF}.Release|Any CPU.Build.0 = Release|Any CPU
	EndGlobalSection
	GlobalSection(SolutionProperties) = preSolution
		HideSolutionNode = FALSE
	EndGlobalSection
	GlobalSection(ExtensibilityGlobals) = postSolution
		SolutionGuid = {2EC07906-038D-4853-A88D-107698C40AA0}
	EndGlobalSection
EndGlobal
